
Microsoft Visual Studio Solution File, Format Version 12.00
# Visual Studio Version 17
VisualStudioVersion = 17.10.35027.167
MinimumVisualStudioVersion = 10.0.40219.1
Project("{FAE04EC0-301F-11D3-BF4B-00C04F79EFBC}") = "Patikafy", "Patikafy\Patikafy.csproj", "{FF8B1028-DF24-499B-AEEB-304288564568}"
EndProject
Global
	GlobalSection(SolutionConfigurationPlatforms) = preSolution
		Debug|Any CPU = Debug|Any CPU
		Release|Any CPU = Release|Any CPU
	EndGlobalSection
	GlobalSection(ProjectConfigurationPlatforms) = postSolution
		{FF8B1028-DF24-499B-AEEB-304288564568}.Debug|Any CPU.ActiveCfg = Debug|Any CPU
		{FF8B1028-DF24-499B-AEEB-304288564568}.Debug|Any CPU.Build.0 = Debug|Any CPU
		{FF8B1028-DF24-499B-AEEB-304288564568}.Release|Any CPU.ActiveCfg = Release|Any CPU
		{FF8B1028-DF24-499B-AEEB-304288564568}.Release|Any CPU.Build.0 = Release|Any CPU
	EndGlobalSection
	GlobalSection(SolutionProperties) = preSolution
		HideSolutionNode = FALSE
	EndGlobalSection
	GlobalSection(ExtensibilityGlobals) = postSolution
		SolutionGuid = {899F19B1-0A21-4295-BCFF-050D14975347}
	EndGlobalSection
EndGlobal
